
Microsoft Visual Studio Solution File, Format Version 12.00
# Visual Studio Version 17
VisualStudioVersion = 17.0.32014.148
MinimumVisualStudioVersion = 10.0.40219.1
Project("{2150E333-8FDC-42A3-9474-1A3956D46DE8}") = "Services", "Services", "{F5B0EDEC-6788-400A-B958-0A28320F6AC4}"
EndProject
Project("{2150E333-8FDC-42A3-9474-1A3956D46DE8}") = "ClientApp", "ClientApp", "{0C7F19D8-10FF-499C-8335-344FFB678A4D}"
EndProject
Project("{2150E333-8FDC-42A3-9474-1A3956D46DE8}") = "Students", "Students", "{90C5F818-84BE-416C-B896-44FB3B41824A}"
EndProject
Project("{FAE04EC0-301F-11D3-BF4B-00C04F79EFBC}") = "BlazorApp", "clientApp\BlazorApp\BlazorApp.csproj", "{C740BE60-6CEF-4188-B18D-7037F76CF7C7}"
EndProject
Project("{FAE04EC0-301F-11D3-BF4B-00C04F79EFBC}") = "dotNet101.UnitTest", "services\Students\dotNet101.UnitTest\dotNet101.UnitTest.csproj", "{89AE69E0-FB49-4C70-9F09-8A1CE3A845E4}"
EndProject
Project("{FAE04EC0-301F-11D3-BF4B-00C04F79EFBC}") = "dotNet101.IntegrationTest", "services\Students\dotNet101.IntegrationTest\dotNet101.IntegrationTest.csproj", "{CC4B17D2-8EB2-4EE7-B19F-54F46F67DD0D}"
EndProject
Project("{FAE04EC0-301F-11D3-BF4B-00C04F79EFBC}") = "dotNet101", "services\Students\dotNet101\dotNet101.csproj", "{2C6CCA38-0417-4328-A420-33E208E27092}"
EndProject
Global
	GlobalSection(SolutionConfigurationPlatforms) = preSolution
		Debug|Any CPU = Debug|Any CPU
		Release|Any CPU = Release|Any CPU
	EndGlobalSection
	GlobalSection(ProjectConfigurationPlatforms) = postSolution
		{C740BE60-6CEF-4188-B18D-7037F76CF7C7}.Debug|Any CPU.ActiveCfg = Debug|Any CPU
		{C740BE60-6CEF-4188-B18D-7037F76CF7C7}.Debug|Any CPU.Build.0 = Debug|Any CPU
		{C740BE60-6CEF-4188-B18D-7037F76CF7C7}.Release|Any CPU.ActiveCfg = Release|Any CPU
		{C740BE60-6CEF-4188-B18D-7037F76CF7C7}.Release|Any CPU.Build.0 = Release|Any CPU
		{89AE69E0-FB49-4C70-9F09-8A1CE3A845E4}.Debug|Any CPU.ActiveCfg = Debug|Any CPU
		{89AE69E0-FB49-4C70-9F09-8A1CE3A845E4}.Debug|Any CPU.Build.0 = Debug|Any CPU
		{89AE69E0-FB49-4C70-9F09-8A1CE3A845E4}.Release|Any CPU.ActiveCfg = Release|Any CPU
		{89AE69E0-FB49-4C70-9F09-8A1CE3A845E4}.Release|Any CPU.Build.0 = Release|Any CPU
		{CC4B17D2-8EB2-4EE7-B19F-54F46F67DD0D}.Debug|Any CPU.ActiveCfg = Debug|Any CPU
		{CC4B17D2-8EB2-4EE7-B19F-54F46F67DD0D}.Debug|Any CPU.Build.0 = Debug|Any CPU
		{CC4B17D2-8EB2-4EE7-B19F-54F46F67DD0D}.Release|Any CPU.ActiveCfg = Release|Any CPU
		{CC4B17D2-8EB2-4EE7-B19F-54F46F67DD0D}.Release|Any CPU.Build.0 = Release|Any CPU
		{2C6CCA38-0417-4328-A420-33E208E27092}.Debug|Any CPU.ActiveCfg = Debug|Any CPU
		{2C6CCA38-0417-4328-A420-33E208E27092}.Debug|Any CPU.Build.0 = Debug|Any CPU
		{2C6CCA38-0417-4328-A420-33E208E27092}.Release|Any CPU.ActiveCfg = Release|Any CPU
		{2C6CCA38-0417-4328-A420-33E208E27092}.Release|Any CPU.Build.0 = Release|Any CPU
	EndGlobalSection
	GlobalSection(SolutionProperties) = preSolution
		HideSolutionNode = FALSE
	EndGlobalSection
	GlobalSection(ExtensibilityGlobals) = postSolution
		SolutionGuid = {02199502-11AB-4028-A3E5-B5E25D5BFC94}
	EndGlobalSection
	GlobalSection(NestedProjects) = preSolution
		{90C5F818-84BE-416C-B896-44FB3B41824A} = {F5B0EDEC-6788-400A-B958-0A28320F6AC4}
		{C740BE60-6CEF-4188-B18D-7037F76CF7C7} = {0C7F19D8-10FF-499C-8335-344FFB678A4D}
		{89AE69E0-FB49-4C70-9F09-8A1CE3A845E4} = {90C5F818-84BE-416C-B896-44FB3B41824A}
		{CC4B17D2-8EB2-4EE7-B19F-54F46F67DD0D} = {90C5F818-84BE-416C-B896-44FB3B41824A}
		{2C6CCA38-0417-4328-A420-33E208E27092} = {90C5F818-84BE-416C-B896-44FB3B41824A}
	EndGlobalSection
EndGlobal
